{
  "version": 4,
  "terraform_version": "1.2.7",
  "serial": 129,
  "lineage": "4353e2e7-372b-f695-0216-e42287761ea0",
  "outputs": {},
  "resources": [
    {
      "mode": "managed",
      "type": "google_compute_address",
      "name": "lb-address-iac",
      "provider": "provider[\"registry.terraform.io/hashicorp/google\"]",
      "instances": [
        {
          "schema_version": 0,
          "attributes": {
            "address": "35.246.60.195",
            "address_type": "EXTERNAL",
            "creation_timestamp": "2022-08-17T04:36:15.240-07:00",
            "description": "",
            "id": "projects/yassir-devops-lab/regions/europe-west2/addresses/lb-address-iac",
            "name": "lb-address-iac",
            "network": "",
            "network_tier": "PREMIUM",
            "prefix_length": 0,
            "project": "yassir-devops-lab",
            "purpose": "",
            "region": "europe-west2",
            "self_link": "https://www.googleapis.com/compute/v1/projects/yassir-devops-lab/regions/europe-west2/addresses/lb-address-iac",
            "subnetwork": "",
            "timeouts": null,
            "users": []
          },
          "sensitive_attributes": [],
          "private": "eyJlMmJmYjczMC1lY2FhLTExZTYtOGY4OC0zNDM2M2JjN2M0YzAiOnsiY3JlYXRlIjoxMjAwMDAwMDAwMDAwLCJkZWxldGUiOjEyMDAwMDAwMDAwMDB9fQ=="
        }
      ]
    },
    {
      "mode": "managed",
      "type": "google_compute_firewall",
      "name": "hicham-iac-firewall",
      "provider": "provider[\"registry.terraform.io/hashicorp/google\"]",
      "instances": [
        {
          "schema_version": 1,
          "attributes": {
            "allow": [
              {
                "ports": [
                  "80",
                  "443"
                ],
                "protocol": "tcp"
              }
            ],
            "creation_timestamp": "2022-08-17T04:36:59.596-07:00",
            "deny": [],
            "description": "",
            "destination_ranges": [],
            "direction": "INGRESS",
            "disabled": false,
            "enable_logging": null,
            "id": "projects/yassir-devops-lab/global/firewalls/hicham-iac-firewall",
            "log_config": [],
            "name": "hicham-iac-firewall",
            "network": "https://www.googleapis.com/compute/v1/projects/yassir-devops-lab/global/networks/vpc-hicham-iac",
            "priority": 1000,
            "project": "yassir-devops-lab",
            "self_link": "https://www.googleapis.com/compute/v1/projects/yassir-devops-lab/global/firewalls/hicham-iac-firewall",
            "source_ranges": [
              "10.1.0.0/16",
              "35.246.60.195"
            ],
            "source_service_accounts": [],
            "source_tags": [],
            "target_service_accounts": [],
            "target_tags": [],
            "timeouts": null
          },
          "sensitive_attributes": [],
          "private": "eyJlMmJmYjczMC1lY2FhLTExZTYtOGY4OC0zNDM2M2JjN2M0YzAiOnsiY3JlYXRlIjoxMjAwMDAwMDAwMDAwLCJkZWxldGUiOjEyMDAwMDAwMDAwMDAsInVwZGF0ZSI6MTIwMDAwMDAwMDAwMH0sInNjaGVtYV92ZXJzaW9uIjoiMSJ9",
          "dependencies": [
            "google_compute_address.lb-address-iac",
            "google_compute_network.vpc-hicham-iac",
            "google_compute_subnetwork.subnet-hicham-iac"
          ]
        }
      ]
    },
    {
      "mode": "managed",
      "type": "google_compute_firewall",
      "name": "hicham-iac-firewall-outbound",
      "provider": "provider[\"registry.terraform.io/hashicorp/google\"]",
      "instances": [
        {
          "schema_version": 1,
          "attributes": {
            "allow": [
              {
                "ports": [
                  "80",
                  "443"
                ],
                "protocol": "tcp"
              }
            ],
            "creation_timestamp": "2022-08-17T05:55:15.310-07:00",
            "deny": [],
            "description": "",
            "destination_ranges": [
              "0.0.0.0/0"
            ],
            "direction": "EGRESS",
            "disabled": false,
            "enable_logging": null,
            "id": "projects/yassir-devops-lab/global/firewalls/hicham-iac-firewall-outbound",
            "log_config": [],
            "name": "hicham-iac-firewall-outbound",
            "network": "https://www.googleapis.com/compute/v1/projects/yassir-devops-lab/global/networks/vpc-hicham-iac",
            "priority": 1000,
            "project": "yassir-devops-lab",
            "self_link": "https://www.googleapis.com/compute/v1/projects/yassir-devops-lab/global/firewalls/hicham-iac-firewall-outbound",
            "source_ranges": [],
            "source_service_accounts": [],
            "source_tags": [],
            "target_service_accounts": [],
            "target_tags": [],
            "timeouts": null
          },
          "sensitive_attributes": [],
          "private": "eyJlMmJmYjczMC1lY2FhLTExZTYtOGY4OC0zNDM2M2JjN2M0YzAiOnsiY3JlYXRlIjoxMjAwMDAwMDAwMDAwLCJkZWxldGUiOjEyMDAwMDAwMDAwMDAsInVwZGF0ZSI6MTIwMDAwMDAwMDAwMH0sInNjaGVtYV92ZXJzaW9uIjoiMSJ9",
          "dependencies": [
            "google_compute_network.vpc-hicham-iac"
          ]
        }
      ]
    },
    {
      "mode": "managed",
      "type": "google_compute_network",
      "name": "vpc-hicham-iac",
      "provider": "provider[\"registry.terraform.io/hashicorp/google\"]",
      "instances": [
        {
          "schema_version": 0,
          "attributes": {
            "auto_create_subnetworks": false,
            "delete_default_routes_on_create": false,
            "description": "",
            "enable_ula_internal_ipv6": false,
            "gateway_ipv4": "",
            "id": "projects/yassir-devops-lab/global/networks/vpc-hicham-iac",
            "internal_ipv6_range": "",
            "mtu": 0,
            "name": "vpc-hicham-iac",
            "project": "yassir-devops-lab",
            "routing_mode": "REGIONAL",
            "self_link": "https://www.googleapis.com/compute/v1/projects/yassir-devops-lab/global/networks/vpc-hicham-iac",
            "timeouts": null
          },
          "sensitive_attributes": [],
          "private": "eyJlMmJmYjczMC1lY2FhLTExZTYtOGY4OC0zNDM2M2JjN2M0YzAiOnsiY3JlYXRlIjoxMjAwMDAwMDAwMDAwLCJkZWxldGUiOjEyMDAwMDAwMDAwMDAsInVwZGF0ZSI6MTIwMDAwMDAwMDAwMH19",
          "create_before_destroy": true
        }
      ]
    },
    {
      "mode": "managed",
      "type": "google_compute_router",
      "name": "hicham-router",
      "provider": "provider[\"registry.terraform.io/hashicorp/google\"]",
      "instances": [
        {
          "schema_version": 0,
          "attributes": {
            "bgp": [],
            "creation_timestamp": "2022-08-17T05:58:53.037-07:00",
            "description": "",
            "encrypted_interconnect_router": false,
            "id": "projects/yassir-devops-lab/regions/europe-west2/routers/hicham-router",
            "name": "hicham-router",
            "network": "https://www.googleapis.com/compute/v1/projects/yassir-devops-lab/global/networks/vpc-hicham-iac",
            "project": "yassir-devops-lab",
            "region": "europe-west2",
            "self_link": "https://www.googleapis.com/compute/v1/projects/yassir-devops-lab/regions/europe-west2/routers/hicham-router",
            "timeouts": null
          },
          "sensitive_attributes": [],
          "private": "eyJlMmJmYjczMC1lY2FhLTExZTYtOGY4OC0zNDM2M2JjN2M0YzAiOnsiY3JlYXRlIjoxMjAwMDAwMDAwMDAwLCJkZWxldGUiOjEyMDAwMDAwMDAwMDAsInVwZGF0ZSI6MTIwMDAwMDAwMDAwMH19",
          "dependencies": [
            "google_compute_network.vpc-hicham-iac",
            "google_compute_subnetwork.subnet-hicham-iac"
          ]
        }
      ]
    },
    {
      "mode": "managed",
      "type": "google_compute_router_nat",
      "name": "hicham-nat",
      "provider": "provider[\"registry.terraform.io/hashicorp/google\"]",
      "instances": [
        {
          "schema_version": 0,
          "attributes": {
            "drain_nat_ips": [],
            "enable_dynamic_port_allocation": false,
            "enable_endpoint_independent_mapping": true,
            "icmp_idle_timeout_sec": 30,
            "id": "yassir-devops-lab/europe-west2/hicham-router/hicham-nat",
            "log_config": [
              {
                "enable": true,
                "filter": "ERRORS_ONLY"
              }
            ],
            "max_ports_per_vm": 0,
            "min_ports_per_vm": 0,
            "name": "hicham-nat",
            "nat_ip_allocate_option": "AUTO_ONLY",
            "nat_ips": [],
            "project": "yassir-devops-lab",
            "region": "europe-west2",
            "router": "hicham-router",
            "source_subnetwork_ip_ranges_to_nat": "ALL_SUBNETWORKS_ALL_IP_RANGES",
            "subnetwork": [],
            "tcp_established_idle_timeout_sec": 1200,
            "tcp_transitory_idle_timeout_sec": 30,
            "timeouts": null,
            "udp_idle_timeout_sec": 30
          },
          "sensitive_attributes": [],
          "private": "eyJlMmJmYjczMC1lY2FhLTExZTYtOGY4OC0zNDM2M2JjN2M0YzAiOnsiY3JlYXRlIjoxMjAwMDAwMDAwMDAwLCJkZWxldGUiOjEyMDAwMDAwMDAwMDAsInVwZGF0ZSI6MTIwMDAwMDAwMDAwMH19",
          "dependencies": [
            "google_compute_network.vpc-hicham-iac",
            "google_compute_router.hicham-router",
            "google_compute_subnetwork.subnet-hicham-iac"
          ]
        }
      ]
    },
    {
      "mode": "managed",
      "type": "google_compute_subnetwork",
      "name": "subnet-hicham-iac",
      "provider": "provider[\"registry.terraform.io/hashicorp/google\"]",
      "instances": [
        {
          "schema_version": 0,
          "attributes": {
            "creation_timestamp": "2022-08-17T04:36:27.437-07:00",
            "description": "",
            "external_ipv6_prefix": "",
            "fingerprint": null,
            "gateway_address": "10.1.0.1",
            "id": "projects/yassir-devops-lab/regions/europe-west2/subnetworks/subnet-hicham-iac",
            "ip_cidr_range": "10.1.0.0/16",
            "ipv6_access_type": "",
            "ipv6_cidr_range": "",
            "log_config": [],
            "name": "subnet-hicham-iac",
            "network": "https://www.googleapis.com/compute/v1/projects/yassir-devops-lab/global/networks/vpc-hicham-iac",
            "private_ip_google_access": false,
            "private_ipv6_google_access": "DISABLE_GOOGLE_ACCESS",
            "project": "yassir-devops-lab",
            "purpose": "PRIVATE",
            "region": "europe-west2",
            "role": "",
            "secondary_ip_range": [
              {
                "ip_cidr_range": "10.76.0.0/20",
                "range_name": "gke-hicham-gke-iac-services-e663e154"
              },
              {
                "ip_cidr_range": "10.72.0.0/14",
                "range_name": "gke-hicham-gke-iac-pods-e663e154"
              }
            ],
            "self_link": "https://www.googleapis.com/compute/v1/projects/yassir-devops-lab/regions/europe-west2/subnetworks/subnet-hicham-iac",
            "stack_type": "IPV4_ONLY",
            "timeouts": null
          },
          "sensitive_attributes": [],
          "private": "eyJlMmJmYjczMC1lY2FhLTExZTYtOGY4OC0zNDM2M2JjN2M0YzAiOnsiY3JlYXRlIjoxMjAwMDAwMDAwMDAwLCJkZWxldGUiOjEyMDAwMDAwMDAwMDAsInVwZGF0ZSI6MTIwMDAwMDAwMDAwMH19",
          "dependencies": [
            "google_compute_network.vpc-hicham-iac"
          ],
          "create_before_destroy": true
        }
      ]
    },
    {
      "mode": "managed",
      "type": "google_container_cluster",
      "name": "hicham-gke-iac",
      "provider": "provider[\"registry.terraform.io/hashicorp/google\"]",
      "instances": [
        {
          "schema_version": 1,
          "attributes": {
            "addons_config": [
              {
                "cloudrun_config": [],
                "dns_cache_config": [],
                "gce_persistent_disk_csi_driver_config": [
                  {
                    "enabled": true
                  }
                ],
                "gcp_filestore_csi_driver_config": [],
                "horizontal_pod_autoscaling": [],
                "http_load_balancing": [],
                "network_policy_config": [
                  {
                    "disabled": true
                  }
                ]
              }
            ],
            "authenticator_groups_config": [],
            "binary_authorization": [
              {
                "enabled": false,
                "evaluation_mode": ""
              }
            ],
            "cluster_autoscaling": [
              {
                "auto_provisioning_defaults": [],
                "enabled": false,
                "resource_limits": []
              }
            ],
            "cluster_ipv4_cidr": "10.72.0.0/14",
            "confidential_nodes": [],
            "database_encryption": [
              {
                "key_name": "",
                "state": "DECRYPTED"
              }
            ],
            "datapath_provider": "",
            "default_max_pods_per_node": 110,
            "default_snat_status": [
              {
                "disabled": false
              }
            ],
            "description": "",
            "dns_config": [],
            "enable_autopilot": false,
            "enable_binary_authorization": false,
            "enable_intranode_visibility": false,
            "enable_kubernetes_alpha": false,
            "enable_legacy_abac": false,
            "enable_shielded_nodes": true,
            "enable_tpu": false,
            "endpoint": "172.16.0.18",
            "id": "projects/yassir-devops-lab/locations/europe-west2/clusters/hicham-gke-iac",
            "initial_node_count": 1,
            "ip_allocation_policy": [
              {
                "cluster_ipv4_cidr_block": "10.72.0.0/14",
                "cluster_secondary_range_name": "gke-hicham-gke-iac-pods-e663e154",
                "services_ipv4_cidr_block": "10.76.0.0/20",
                "services_secondary_range_name": "gke-hicham-gke-iac-services-e663e154"
              }
            ],
            "label_fingerprint": "a9dc16a7",
            "location": "europe-west2",
            "logging_config": [
              {
                "enable_components": [
                  "SYSTEM_COMPONENTS",
                  "WORKLOADS"
                ]
              }
            ],
            "logging_service": "logging.googleapis.com/kubernetes",
            "maintenance_policy": [],
            "master_auth": [
              {
                "client_certificate": "",
                "client_certificate_config": [
                  {
                    "issue_client_certificate": false
                  }
                ],
                "client_key": "",
                "cluster_ca_certificate": "LS0tLS1CRUdJTiBDRVJUSUZJQ0FURS0tLS0tCk1JSUVMVENDQXBXZ0F3SUJBZ0lSQVBJSHk4NURwTWVuYmx3Z29kelpDeE13RFFZSktvWklodmNOQVFFTEJRQXcKTHpFdE1Dc0dBMVVFQXhNa056RmhaV1poTVRNdFpESm1PQzAwTm1Ka0xUa3dOamN0TWprME0yTTVPVEkxWkRsaQpNQ0FYRFRJeU1EZ3hOekV3TXpjd01Gb1lEekl3TlRJd09EQTVNVEV6TnpBd1dqQXZNUzB3S3dZRFZRUURFeVEzCk1XRmxabUV4TXkxa01tWTRMVFEyWW1RdE9UQTJOeTB5T1RRell6azVNalZrT1dJd2dnR2lNQTBHQ1NxR1NJYjMKRFFFQkFRVUFBNElCandBd2dnR0tBb0lCZ1FDMW1iVS91STYzcElyRWQzT3BPckVZeGZkL3UvOENvKzRWTXBCdwoxM1FuZ090ZzM5VG1zam1JRG8zdE5YOEQ4YUlFd1R4STBmYk5JSGJ0ZCtjME93MnpJbjBWOGl5Z3ZXM2h6V3IvCnIxZUlHT3kyZlEydkM4U3VLV1pmNkh3NW9zVTYzS3ErR2pyV25lKzNtcnVBU0VUc256TXVvaVQ3STdHVjVEeHIKVFFXSHBoUWkzNGczR2hiOFFPVm5XYWtEalJBVlBKdDUrTlIxeW1ncXErMCsvMUVleUh5L1ZjcGtBUVAwT3JJMgpCVHR2cDRXUHJHWUV0aFk2elg5aFFLTDY3bVVtNUVFcU1Ia2pTY2U3YUxwcU54a2RzcStCS3FXeWVtOFY3NW1jCkROQjIzWkFoYUs4eE1POFlPbndEdFhvY1lmZGc0UGpuai9Jd1hhREZ6bDBHRndxdEVFRmJoZTZ1aTh5dHZPbW8KZ0tIN2F4Zk5qWmRkaTYzT1FFZHAyWDhuZEg1WGRqWjNtNDBQOEdEY3lVaHpTR2pCMXlybUNNYkdaMWROWGg5VAp5MVBqS1YwUFo5dmNZdWRrUUQ4NDVqRnRIeDVFRjVaRWQrVnp4UFE0eUZvTkcvaGxaSllNQ0VXV2J5R1hCWTNxCkYzSC9vMHJrME02bDNCQkVPdGdsSEhzbGhsY0NBd0VBQWFOQ01FQXdEZ1lEVlIwUEFRSC9CQVFEQWdJRU1BOEcKQTFVZEV3RUIvd1FGTUFNQkFmOHdIUVlEVlIwT0JCWUVGQ0tqRUNqT3F0SlZPTVpBZHFmOXhaemZZV0o0TUEwRwpDU3FHU0liM0RRRUJDd1VBQTRJQmdRQS9uRlkxbWNxMjRYNGQzYWt3SUcwazNYcEhPbjVWWXZUOFRkdGJXMkkwCnErODBHR3YwWUtvSXMxMmJVM3dzZEFVYjd6aU13N043RkQxcFJ5N2J4VjZseXdFQ1grMzFEcDQzMkV1NGM5NFQKdXMyUTc1UGdOck1CMjF0RzVNWjUyYklnZGlVbFhhdlJqekFIT2FnNkw5Ym5saS8zcjJwTXozZm1OU1lwL2hGRwpDRENkUjlkWk9menI0RDNTMEJrMkVOQ09IZVNBV3ZrZDkxVGZHM3JYQ1NMOVRCc1B6aUIyVEU3SU9RbWVtS05GCk9kYTlRRkJWWnp5NVViUGsvVzJBdURYTUlqRFdSU2VFcXZQUWJlYWFaL3pSMmVTTFhNb3BHdytaSSsvLy9pb1cKWkhXdnJ2eGFFa2d2c2xmMURBODB5dHlJekZZNXgzdE5PdGVRclJrb2NEdjZEbUt1dEM1Y0lPUTJSSWlMOWt2Ngp1Sk9CaGlNZmRkR1VISWE1dXVIWUU2akMxT290bWxiUjNudEpiZVNmdDRwR0pBSmdHUlZ5c2c5SEVnU0Q2S21FCnEyNWxXWkhQUmR1Nlp2NnhIOVczTmVXN01VenpkbFFZSmFVdEVkZHQ3dzRtNGx5a3QyNzFMbE44RzNuRlQ5ek8KelJuM0RHL2JweWYyZldYT0hYYTE2b009Ci0tLS0tRU5EIENFUlRJRklDQVRFLS0tLS0K"
              }
            ],
            "master_authorized_networks_config": [
              {
                "cidr_blocks": [
                  {
                    "cidr_block": "10.1.0.0/16",
                    "display_name": ""
                  }
                ]
              }
            ],
            "master_version": "1.22.10-gke.600",
            "min_master_version": null,
            "monitoring_config": [
              {
                "enable_components": [
                  "SYSTEM_COMPONENTS"
                ]
              }
            ],
            "monitoring_service": "monitoring.googleapis.com/kubernetes",
            "name": "hicham-gke-iac",
            "network": "projects/yassir-devops-lab/global/networks/vpc-hicham-iac",
            "network_policy": [
              {
                "enabled": false,
                "provider": "PROVIDER_UNSPECIFIED"
              }
            ],
            "networking_mode": "VPC_NATIVE",
            "node_config": [
              {
                "boot_disk_kms_key": "",
                "disk_size_gb": 100,
                "disk_type": "pd-standard",
                "gcfs_config": [],
                "guest_accelerator": [],
                "gvnic": [],
                "image_type": "COS_CONTAINERD",
                "labels": {},
                "local_ssd_count": 0,
                "machine_type": "e2-medium",
                "metadata": {
                  "disable-legacy-endpoints": "true"
                },
                "min_cpu_platform": "",
                "node_group": "",
                "oauth_scopes": [
                  "https://www.googleapis.com/auth/devstorage.read_only",
                  "https://www.googleapis.com/auth/logging.write",
                  "https://www.googleapis.com/auth/monitoring",
                  "https://www.googleapis.com/auth/service.management.readonly",
                  "https://www.googleapis.com/auth/servicecontrol",
                  "https://www.googleapis.com/auth/trace.append"
                ],
                "preemptible": false,
                "service_account": "default",
                "shielded_instance_config": [
                  {
                    "enable_integrity_monitoring": true,
                    "enable_secure_boot": false
                  }
                ],
                "spot": false,
                "tags": [],
                "taint": [],
                "workload_metadata_config": []
              }
            ],
            "node_locations": [
              "europe-west2-a",
              "europe-west2-b",
              "europe-west2-c"
            ],
            "node_pool": [
              {
                "autoscaling": [],
                "initial_node_count": 1,
                "instance_group_urls": [
                  "https://www.googleapis.com/compute/v1/projects/yassir-devops-lab/zones/europe-west2-a/instanceGroupManagers/gke-hicham-gke-iac-default-pool-3508644d-grp",
                  "https://www.googleapis.com/compute/v1/projects/yassir-devops-lab/zones/europe-west2-b/instanceGroupManagers/gke-hicham-gke-iac-default-pool-a92515cb-grp",
                  "https://www.googleapis.com/compute/v1/projects/yassir-devops-lab/zones/europe-west2-c/instanceGroupManagers/gke-hicham-gke-iac-default-pool-f3d2ea37-grp"
                ],
                "managed_instance_group_urls": [
                  "https://www.googleapis.com/compute/v1/projects/yassir-devops-lab/zones/europe-west2-a/instanceGroups/gke-hicham-gke-iac-default-pool-3508644d-grp",
                  "https://www.googleapis.com/compute/v1/projects/yassir-devops-lab/zones/europe-west2-b/instanceGroups/gke-hicham-gke-iac-default-pool-a92515cb-grp",
                  "https://www.googleapis.com/compute/v1/projects/yassir-devops-lab/zones/europe-west2-c/instanceGroups/gke-hicham-gke-iac-default-pool-f3d2ea37-grp"
                ],
                "management": [
                  {
                    "auto_repair": true,
                    "auto_upgrade": true
                  }
                ],
                "max_pods_per_node": 110,
                "name": "default-pool",
                "name_prefix": "",
                "node_config": [
                  {
                    "boot_disk_kms_key": "",
                    "disk_size_gb": 100,
                    "disk_type": "pd-standard",
                    "gcfs_config": [],
                    "guest_accelerator": [],
                    "gvnic": [],
                    "image_type": "COS_CONTAINERD",
                    "labels": {},
                    "local_ssd_count": 0,
                    "machine_type": "e2-medium",
                    "metadata": {
                      "disable-legacy-endpoints": "true"
                    },
                    "min_cpu_platform": "",
                    "node_group": "",
                    "oauth_scopes": [
                      "https://www.googleapis.com/auth/devstorage.read_only",
                      "https://www.googleapis.com/auth/logging.write",
                      "https://www.googleapis.com/auth/monitoring",
                      "https://www.googleapis.com/auth/service.management.readonly",
                      "https://www.googleapis.com/auth/servicecontrol",
                      "https://www.googleapis.com/auth/trace.append"
                    ],
                    "preemptible": false,
                    "service_account": "default",
                    "shielded_instance_config": [
                      {
                        "enable_integrity_monitoring": true,
                        "enable_secure_boot": false
                      }
                    ],
                    "spot": false,
                    "tags": [],
                    "taint": [],
                    "workload_metadata_config": []
                  }
                ],
                "node_count": 1,
                "node_locations": [
                  "europe-west2-a",
                  "europe-west2-b",
                  "europe-west2-c"
                ],
                "upgrade_settings": [
                  {
                    "max_surge": 1,
                    "max_unavailable": 0
                  }
                ],
                "version": "1.22.10-gke.600"
              },
              {
                "autoscaling": [
                  {
                    "max_node_count": 9,
                    "min_node_count": 3
                  }
                ],
                "initial_node_count": 3,
                "instance_group_urls": [
                  "https://www.googleapis.com/compute/v1/projects/yassir-devops-lab/zones/europe-west2-a/instanceGroupManagers/gke-hicham-gke-iac-hicham-gke-iac-nod-236eb1be-grp",
                  "https://www.googleapis.com/compute/v1/projects/yassir-devops-lab/zones/europe-west2-b/instanceGroupManagers/gke-hicham-gke-iac-hicham-gke-iac-nod-1946a681-grp",
                  "https://www.googleapis.com/compute/v1/projects/yassir-devops-lab/zones/europe-west2-c/instanceGroupManagers/gke-hicham-gke-iac-hicham-gke-iac-nod-97256d5e-grp"
                ],
                "managed_instance_group_urls": [
                  "https://www.googleapis.com/compute/v1/projects/yassir-devops-lab/zones/europe-west2-a/instanceGroups/gke-hicham-gke-iac-hicham-gke-iac-nod-236eb1be-grp",
                  "https://www.googleapis.com/compute/v1/projects/yassir-devops-lab/zones/europe-west2-b/instanceGroups/gke-hicham-gke-iac-hicham-gke-iac-nod-1946a681-grp",
                  "https://www.googleapis.com/compute/v1/projects/yassir-devops-lab/zones/europe-west2-c/instanceGroups/gke-hicham-gke-iac-hicham-gke-iac-nod-97256d5e-grp"
                ],
                "management": [
                  {
                    "auto_repair": true,
                    "auto_upgrade": true
                  }
                ],
                "max_pods_per_node": 110,
                "name": "hicham-gke-iac-node-pool",
                "name_prefix": "",
                "node_config": [
                  {
                    "boot_disk_kms_key": "",
                    "disk_size_gb": 100,
                    "disk_type": "pd-standard",
                    "gcfs_config": [],
                    "guest_accelerator": [],
                    "gvnic": [],
                    "image_type": "COS_CONTAINERD",
                    "labels": {},
                    "local_ssd_count": 0,
                    "machine_type": "e2-medium",
                    "metadata": {
                      "disable-legacy-endpoints": "true"
                    },
                    "min_cpu_platform": "",
                    "node_group": "",
                    "oauth_scopes": [
                      "https://www.googleapis.com/auth/devstorage.read_only",
                      "https://www.googleapis.com/auth/logging.write",
                      "https://www.googleapis.com/auth/monitoring",
                      "https://www.googleapis.com/auth/service.management.readonly",
                      "https://www.googleapis.com/auth/servicecontrol",
                      "https://www.googleapis.com/auth/trace.append"
                    ],
                    "preemptible": false,
                    "service_account": "default",
                    "shielded_instance_config": [
                      {
                        "enable_integrity_monitoring": true,
                        "enable_secure_boot": false
                      }
                    ],
                    "spot": false,
                    "tags": [],
                    "taint": [],
                    "workload_metadata_config": []
                  }
                ],
                "node_count": 3,
                "node_locations": [
                  "europe-west2-a",
                  "europe-west2-b",
                  "europe-west2-c"
                ],
                "upgrade_settings": [
                  {
                    "max_surge": 1,
                    "max_unavailable": 0
                  }
                ],
                "version": "1.22.10-gke.600"
              }
            ],
            "node_version": "1.22.10-gke.600",
            "notification_config": [
              {
                "pubsub": [
                  {
                    "enabled": false,
                    "topic": ""
                  }
                ]
              }
            ],
            "operation": null,
            "private_cluster_config": [
              {
                "enable_private_endpoint": true,
                "enable_private_nodes": true,
                "master_global_access_config": [
                  {
                    "enabled": false
                  }
                ],
                "master_ipv4_cidr_block": "172.16.0.16/28",
                "peering_name": "gke-n1a3d826a4af6186f1d2-6bd5-aeea-peer",
                "private_endpoint": "172.16.0.18",
                "public_endpoint": "35.242.152.33"
              }
            ],
            "private_ipv6_google_access": "",
            "project": "yassir-devops-lab",
            "release_channel": [
              {
                "channel": "REGULAR"
              }
            ],
            "remove_default_node_pool": null,
            "resource_labels": {},
            "resource_usage_export_config": [],
            "self_link": "https://container.googleapis.com/v1/projects/yassir-devops-lab/locations/europe-west2/clusters/hicham-gke-iac",
            "services_ipv4_cidr": "10.76.0.0/20",
            "subnetwork": "projects/yassir-devops-lab/regions/europe-west2/subnetworks/subnet-hicham-iac",
            "timeouts": null,
            "tpu_ipv4_cidr_block": "",
            "vertical_pod_autoscaling": [],
            "workload_identity_config": []
          },
          "sensitive_attributes": [],
          "private": "eyJlMmJmYjczMC1lY2FhLTExZTYtOGY4OC0zNDM2M2JjN2M0YzAiOnsiY3JlYXRlIjoyNDAwMDAwMDAwMDAwLCJkZWxldGUiOjI0MDAwMDAwMDAwMDAsInJlYWQiOjI0MDAwMDAwMDAwMDAsInVwZGF0ZSI6MzYwMDAwMDAwMDAwMH0sInNjaGVtYV92ZXJzaW9uIjoiMSJ9",
          "dependencies": [
            "google_compute_network.vpc-hicham-iac",
            "google_compute_subnetwork.subnet-hicham-iac"
          ]
        }
      ]
    },
    {
      "mode": "managed",
      "type": "google_container_node_pool",
      "name": "hicham-gke-iac-node-pool",
      "provider": "provider[\"registry.terraform.io/hashicorp/google\"]",
      "instances": [
        {
          "schema_version": 1,
          "attributes": {
            "autoscaling": [
              {
                "max_node_count": 9,
                "min_node_count": 3
              }
            ],
            "cluster": "hicham-gke-iac",
            "id": "projects/yassir-devops-lab/locations/europe-west2/clusters/hicham-gke-iac/nodePools/hicham-gke-iac-node-pool",
            "initial_node_count": 3,
            "instance_group_urls": [
              "https://www.googleapis.com/compute/v1/projects/yassir-devops-lab/zones/europe-west2-a/instanceGroupManagers/gke-hicham-gke-iac-hicham-gke-iac-nod-236eb1be-grp",
              "https://www.googleapis.com/compute/v1/projects/yassir-devops-lab/zones/europe-west2-b/instanceGroupManagers/gke-hicham-gke-iac-hicham-gke-iac-nod-1946a681-grp",
              "https://www.googleapis.com/compute/v1/projects/yassir-devops-lab/zones/europe-west2-c/instanceGroupManagers/gke-hicham-gke-iac-hicham-gke-iac-nod-97256d5e-grp"
            ],
            "location": "europe-west2",
            "managed_instance_group_urls": [
              "https://www.googleapis.com/compute/v1/projects/yassir-devops-lab/zones/europe-west2-a/instanceGroups/gke-hicham-gke-iac-hicham-gke-iac-nod-236eb1be-grp",
              "https://www.googleapis.com/compute/v1/projects/yassir-devops-lab/zones/europe-west2-b/instanceGroups/gke-hicham-gke-iac-hicham-gke-iac-nod-1946a681-grp",
              "https://www.googleapis.com/compute/v1/projects/yassir-devops-lab/zones/europe-west2-c/instanceGroups/gke-hicham-gke-iac-hicham-gke-iac-nod-97256d5e-grp"
            ],
            "management": [
              {
                "auto_repair": true,
                "auto_upgrade": true
              }
            ],
            "max_pods_per_node": 110,
            "name": "hicham-gke-iac-node-pool",
            "name_prefix": "",
            "node_config": [
              {
                "boot_disk_kms_key": "",
                "disk_size_gb": 100,
                "disk_type": "pd-standard",
                "gcfs_config": [],
                "guest_accelerator": [],
                "gvnic": [],
                "image_type": "COS_CONTAINERD",
                "labels": {},
                "local_ssd_count": 0,
                "machine_type": "e2-medium",
                "metadata": {
                  "disable-legacy-endpoints": "true"
                },
                "min_cpu_platform": "",
                "node_group": "",
                "oauth_scopes": [
                  "https://www.googleapis.com/auth/devstorage.read_only",
                  "https://www.googleapis.com/auth/logging.write",
                  "https://www.googleapis.com/auth/monitoring",
                  "https://www.googleapis.com/auth/service.management.readonly",
                  "https://www.googleapis.com/auth/servicecontrol",
                  "https://www.googleapis.com/auth/trace.append"
                ],
                "preemptible": false,
                "service_account": "default",
                "shielded_instance_config": [
                  {
                    "enable_integrity_monitoring": true,
                    "enable_secure_boot": false
                  }
                ],
                "spot": false,
                "tags": [],
                "taint": [],
                "workload_metadata_config": []
              }
            ],
            "node_count": 3,
            "node_locations": [
              "europe-west2-a",
              "europe-west2-b",
              "europe-west2-c"
            ],
            "operation": null,
            "project": "yassir-devops-lab",
            "timeouts": null,
            "upgrade_settings": [
              {
                "max_surge": 1,
                "max_unavailable": 0
              }
            ],
            "version": "1.22.10-gke.600"
          },
          "sensitive_attributes": [],
          "private": "eyJlMmJmYjczMC1lY2FhLTExZTYtOGY4OC0zNDM2M2JjN2M0YzAiOnsiY3JlYXRlIjoxODAwMDAwMDAwMDAwLCJkZWxldGUiOjE4MDAwMDAwMDAwMDAsInVwZGF0ZSI6MTgwMDAwMDAwMDAwMH0sInNjaGVtYV92ZXJzaW9uIjoiMSJ9",
          "dependencies": [
            "google_compute_network.vpc-hicham-iac",
            "google_compute_subnetwork.subnet-hicham-iac",
            "google_container_cluster.hicham-gke-iac"
          ]
        }
      ]
    },
    {
      "mode": "managed",
      "type": "google_filestore_instance",
      "name": "filestore-hicham-iac",
      "provider": "provider[\"registry.terraform.io/hashicorp/google\"]",
      "instances": [
        {
          "schema_version": 1,
          "attributes": {
            "create_time": "2022-08-17T11:36:27.047021842Z",
            "description": "",
            "etag": "",
            "file_shares": [
              {
                "capacity_gb": 2660,
                "name": "share1",
                "nfs_export_options": []
              }
            ],
            "id": "projects/yassir-devops-lab/locations/europe-west2-a/instances/filestore-hicham-iac",
            "kms_key_name": "",
            "labels": {},
            "location": "europe-west2-a",
            "name": "filestore-hicham-iac",
            "networks": [
              {
                "connect_mode": "DIRECT_PEERING",
                "ip_addresses": [
                  "10.171.170.10"
                ],
                "modes": [
                  "MODE_IPV4"
                ],
                "network": "vpc-hicham-iac",
                "reserved_ip_range": "10.171.170.8/29"
              }
            ],
            "project": "yassir-devops-lab",
            "tier": "PREMIUM",
            "timeouts": null,
            "zone": null
          },
          "sensitive_attributes": [],
          "private": "eyJlMmJmYjczMC1lY2FhLTExZTYtOGY4OC0zNDM2M2JjN2M0YzAiOnsiY3JlYXRlIjoxMjAwMDAwMDAwMDAwLCJkZWxldGUiOjEyMDAwMDAwMDAwMDAsInVwZGF0ZSI6MTIwMDAwMDAwMDAwMH0sInNjaGVtYV92ZXJzaW9uIjoiMSJ9",
          "dependencies": [
            "google_compute_network.vpc-hicham-iac"
          ]
        }
      ]
    },
    {
      "mode": "managed",
      "type": "google_filestore_instance",
      "name": "filestore-hicham-iac-omnidb",
      "provider": "provider[\"registry.terraform.io/hashicorp/google\"]",
      "instances": [
        {
          "schema_version": 1,
          "attributes": {
            "create_time": "2022-08-17T14:40:26.885158591Z",
            "description": "",
            "etag": "",
            "file_shares": [
              {
                "capacity_gb": 1024,
                "name": "share2",
                "nfs_export_options": []
              }
            ],
            "id": "projects/yassir-devops-lab/locations/europe-west2-a/instances/filestore-hicham-iac-omnidb",
            "kms_key_name": "",
            "labels": null,
            "location": "europe-west2-a",
            "name": "filestore-hicham-iac-omnidb",
            "networks": [
              {
                "connect_mode": "DIRECT_PEERING",
                "ip_addresses": [
                  "10.175.161.178"
                ],
                "modes": [
                  "MODE_IPV4"
                ],
                "network": "vpc-hicham-iac",
                "reserved_ip_range": "10.175.161.176/29"
              }
            ],
            "project": "yassir-devops-lab",
            "tier": "STANDARD",
            "timeouts": null,
            "zone": null
          },
          "sensitive_attributes": [],
          "private": "eyJlMmJmYjczMC1lY2FhLTExZTYtOGY4OC0zNDM2M2JjN2M0YzAiOnsiY3JlYXRlIjoxMjAwMDAwMDAwMDAwLCJkZWxldGUiOjEyMDAwMDAwMDAwMDAsInVwZGF0ZSI6MTIwMDAwMDAwMDAwMH0sInNjaGVtYV92ZXJzaW9uIjoiMSJ9",
          "dependencies": [
            "google_compute_network.vpc-hicham-iac"
          ]
        }
      ]
    },
    {
      "module": "module.iap_bastion",
      "mode": "managed",
      "type": "google_compute_instance_from_template",
      "name": "bastion_vm",
      "provider": "provider[\"registry.terraform.io/hashicorp/google\"]",
      "instances": [
        {
          "index_key": 0,
          "schema_version": 0,
          "attributes": {
            "advanced_machine_features": [],
            "allow_stopping_for_update": null,
            "attached_disk": [],
            "boot_disk": [
              {
                "auto_delete": true,
                "device_name": "persistent-disk-0",
                "disk_encryption_key_raw": "",
                "disk_encryption_key_sha256": "",
                "initialize_params": [
                  {
                    "image": "https://www.googleapis.com/compute/v1/projects/debian-cloud/global/images/debian-11-bullseye-v20220719",
                    "labels": {},
                    "size": 100,
                    "type": "pd-standard"
                  }
                ],
                "kms_key_self_link": "",
                "mode": "READ_WRITE",
                "source": "https://www.googleapis.com/compute/v1/projects/yassir-devops-lab/zones/europe-west2-a/disks/bastion-vm"
              }
            ],
            "can_ip_forward": false,
            "confidential_instance_config": [],
            "cpu_platform": "Intel Broadwell",
            "current_status": "RUNNING",
            "deletion_protection": false,
            "description": "",
            "desired_status": null,
            "enable_display": false,
            "guest_accelerator": [],
            "hostname": "",
            "id": "projects/yassir-devops-lab/zones/europe-west2-a/instances/bastion-vm",
            "instance_id": "8472208115646950894",
            "label_fingerprint": "42WmSpB8rSM=",
            "labels": {},
            "machine_type": "n1-standard-1",
            "metadata": {
              "enable-oslogin": "TRUE"
            },
            "metadata_fingerprint": "8DivAa1gVsE=",
            "metadata_startup_script": null,
            "min_cpu_platform": "",
            "name": "bastion-vm",
            "network_interface": [
              {
                "access_config": [],
                "alias_ip_range": [],
                "ipv6_access_config": [],
                "ipv6_access_type": "",
                "name": "nic0",
                "network": "https://www.googleapis.com/compute/v1/projects/yassir-devops-lab/global/networks/vpc-hicham-iac",
                "network_ip": "10.1.0.2",
                "nic_type": "",
                "queue_count": 0,
                "stack_type": "IPV4_ONLY",
                "subnetwork": "https://www.googleapis.com/compute/v1/projects/yassir-devops-lab/regions/europe-west2/subnetworks/subnet-hicham-iac",
                "subnetwork_project": "yassir-devops-lab"
              }
            ],
            "project": "yassir-devops-lab",
            "reservation_affinity": [],
            "resource_policies": [],
            "scheduling": [
              {
                "automatic_restart": true,
                "instance_termination_action": "",
                "min_node_cpus": 0,
                "node_affinities": [],
                "on_host_maintenance": "MIGRATE",
                "preemptible": false,
                "provisioning_model": "STANDARD"
              }
            ],
            "scratch_disk": [],
            "self_link": "https://www.googleapis.com/compute/v1/projects/yassir-devops-lab/zones/europe-west2-a/instances/bastion-vm",
            "service_account": [
              {
                "email": "bastion@yassir-devops-lab.iam.gserviceaccount.com",
                "scopes": [
                  "https://www.googleapis.com/auth/cloud-platform"
                ]
              }
            ],
            "shielded_instance_config": [
              {
                "enable_integrity_monitoring": true,
                "enable_secure_boot": true,
                "enable_vtpm": true
              }
            ],
            "source_instance_template": "https://www.googleapis.com/compute/v1/projects/yassir-devops-lab/global/instanceTemplates/bastion-instance-template-20220817113701571200000001",
            "tags": [],
            "tags_fingerprint": "42WmSpB8rSM=",
            "timeouts": null,
            "zone": "europe-west2-a"
          },
          "sensitive_attributes": [],
          "private": "eyJlMmJmYjczMC1lY2FhLTExZTYtOGY4OC0zNDM2M2JjN2M0YzAiOnsiY3JlYXRlIjoxMjAwMDAwMDAwMDAwLCJkZWxldGUiOjEyMDAwMDAwMDAwMDAsInVwZGF0ZSI6MTIwMDAwMDAwMDAwMH19",
          "dependencies": [
            "google_compute_network.vpc-hicham-iac",
            "google_compute_subnetwork.subnet-hicham-iac",
            "module.iap_bastion.google_service_account.bastion_host",
            "module.iap_bastion.module.instance_template.google_compute_instance_template.tpl"
          ]
        }
      ]
    },
    {
      "module": "module.iap_bastion",
      "mode": "managed",
      "type": "google_project_iam_custom_role",
      "name": "compute_os_login_viewer",
      "provider": "provider[\"registry.terraform.io/hashicorp/google\"]",
      "instances": [
        {
          "index_key": 0,
          "schema_version": 0,
          "attributes": {
            "deleted": false,
            "description": "From Terraform: iap-bastion module custom role for more fine grained scoping of permissions",
            "id": "projects/yassir-devops-lab/roles/osLoginProjectGet_83cd",
            "name": "projects/yassir-devops-lab/roles/osLoginProjectGet_83cd",
            "permissions": [
              "compute.projects.get"
            ],
            "project": "yassir-devops-lab",
            "role_id": "osLoginProjectGet_83cd",
            "stage": "GA",
            "title": "OS Login Project Get Role"
          },
          "sensitive_attributes": [],
          "private": "bnVsbA==",
          "dependencies": [
            "module.iap_bastion.random_id.random_role_id_suffix"
          ]
        }
      ]
    },
    {
      "module": "module.iap_bastion",
      "mode": "managed",
      "type": "google_project_iam_member",
      "name": "bastion_oslogin_bindings",
      "provider": "provider[\"registry.terraform.io/hashicorp/google\"]",
      "instances": [
        {
          "index_key": 0,
          "schema_version": 0,
          "attributes": {
            "condition": [],
            "etag": "BwXmbkYg0QI=",
            "id": "yassir-devops-lab/projects/yassir-devops-lab/roles/osLoginProjectGet_83cd/serviceAccount:bastion@yassir-devops-lab.iam.gserviceaccount.com",
            "member": "serviceAccount:bastion@yassir-devops-lab.iam.gserviceaccount.com",
            "project": "yassir-devops-lab",
            "role": "projects/yassir-devops-lab/roles/osLoginProjectGet_83cd"
          },
          "sensitive_attributes": [],
          "private": "bnVsbA==",
          "dependencies": [
            "module.iap_bastion.google_project_iam_custom_role.compute_os_login_viewer",
            "module.iap_bastion.google_service_account.bastion_host",
            "module.iap_bastion.random_id.random_role_id_suffix"
          ]
        }
      ]
    },
    {
      "module": "module.iap_bastion",
      "mode": "managed",
      "type": "google_project_iam_member",
      "name": "bastion_sa_bindings",
      "provider": "provider[\"registry.terraform.io/hashicorp/google\"]",
      "instances": [
        {
          "index_key": "roles/compute.osLogin",
          "schema_version": 0,
          "attributes": {
            "condition": [],
            "etag": "BwXmbkYg0QI=",
            "id": "yassir-devops-lab/roles/compute.osLogin/serviceAccount:bastion@yassir-devops-lab.iam.gserviceaccount.com",
            "member": "serviceAccount:bastion@yassir-devops-lab.iam.gserviceaccount.com",
            "project": "yassir-devops-lab",
            "role": "roles/compute.osLogin"
          },
          "sensitive_attributes": [],
          "private": "bnVsbA==",
          "dependencies": [
            "module.iap_bastion.google_service_account.bastion_host"
          ]
        },
        {
          "index_key": "roles/logging.logWriter",
          "schema_version": 0,
          "attributes": {
            "condition": [],
            "etag": "BwXmbkYg0QI=",
            "id": "yassir-devops-lab/roles/logging.logWriter/serviceAccount:bastion@yassir-devops-lab.iam.gserviceaccount.com",
            "member": "serviceAccount:bastion@yassir-devops-lab.iam.gserviceaccount.com",
            "project": "yassir-devops-lab",
            "role": "roles/logging.logWriter"
          },
          "sensitive_attributes": [],
          "private": "bnVsbA==",
          "dependencies": [
            "module.iap_bastion.google_service_account.bastion_host"
          ]
        },
        {
          "index_key": "roles/monitoring.metricWriter",
          "schema_version": 0,
          "attributes": {
            "condition": [],
            "etag": "BwXmbkYg0QI=",
            "id": "yassir-devops-lab/roles/monitoring.metricWriter/serviceAccount:bastion@yassir-devops-lab.iam.gserviceaccount.com",
            "member": "serviceAccount:bastion@yassir-devops-lab.iam.gserviceaccount.com",
            "project": "yassir-devops-lab",
            "role": "roles/monitoring.metricWriter"
          },
          "sensitive_attributes": [],
          "private": "bnVsbA==",
          "dependencies": [
            "module.iap_bastion.google_service_account.bastion_host"
          ]
        },
        {
          "index_key": "roles/monitoring.viewer",
          "schema_version": 0,
          "attributes": {
            "condition": [],
            "etag": "BwXmbkYg0QI=",
            "id": "yassir-devops-lab/roles/monitoring.viewer/serviceAccount:bastion@yassir-devops-lab.iam.gserviceaccount.com",
            "member": "serviceAccount:bastion@yassir-devops-lab.iam.gserviceaccount.com",
            "project": "yassir-devops-lab",
            "role": "roles/monitoring.viewer"
          },
          "sensitive_attributes": [],
          "private": "bnVsbA==",
          "dependencies": [
            "module.iap_bastion.google_service_account.bastion_host"
          ]
        }
      ]
    },
    {
      "module": "module.iap_bastion",
      "mode": "managed",
      "type": "google_service_account",
      "name": "bastion_host",
      "provider": "provider[\"registry.terraform.io/hashicorp/google\"]",
      "instances": [
        {
          "index_key": 0,
          "schema_version": 0,
          "attributes": {
            "account_id": "bastion",
            "description": "",
            "disabled": false,
            "display_name": "Service Account for Bastion",
            "email": "bastion@yassir-devops-lab.iam.gserviceaccount.com",
            "id": "projects/yassir-devops-lab/serviceAccounts/bastion@yassir-devops-lab.iam.gserviceaccount.com",
            "name": "projects/yassir-devops-lab/serviceAccounts/bastion@yassir-devops-lab.iam.gserviceaccount.com",
            "project": "yassir-devops-lab",
            "timeouts": null,
            "unique_id": "102781254204892715394"
          },
          "sensitive_attributes": [],
          "private": "eyJlMmJmYjczMC1lY2FhLTExZTYtOGY4OC0zNDM2M2JjN2M0YzAiOnsiY3JlYXRlIjozMDAwMDAwMDAwMDB9fQ==",
          "create_before_destroy": true
        }
      ]
    },
    {
      "module": "module.iap_bastion",
      "mode": "managed",
      "type": "google_service_account_iam_binding",
      "name": "bastion_sa_user",
      "provider": "provider[\"registry.terraform.io/hashicorp/google\"]",
      "instances": [
        {
          "index_key": 0,
          "schema_version": 0,
          "attributes": {
            "condition": [],
            "etag": null,
            "id": "projects/yassir-devops-lab/serviceAccounts/bastion@yassir-devops-lab.iam.gserviceaccount.com/roles/iam.serviceAccountUser",
            "members": [],
            "role": "roles/iam.serviceAccountUser",
            "service_account_id": "projects/yassir-devops-lab/serviceAccounts/bastion@yassir-devops-lab.iam.gserviceaccount.com"
          },
          "sensitive_attributes": [],
          "private": "bnVsbA==",
          "dependencies": [
            "module.iap_bastion.google_service_account.bastion_host"
          ]
        }
      ]
    },
    {
      "module": "module.iap_bastion",
      "mode": "managed",
      "type": "random_id",
      "name": "random_role_id_suffix",
      "provider": "provider[\"registry.terraform.io/hashicorp/random\"]",
      "instances": [
        {
          "schema_version": 0,
          "attributes": {
            "b64_std": "g80=",
            "b64_url": "g80",
            "byte_length": 2,
            "dec": "33741",
            "hex": "83cd",
            "id": "g80",
            "keepers": null,
            "prefix": null
          },
          "sensitive_attributes": [],
          "private": "bnVsbA=="
        }
      ]
    },
    {
      "module": "module.iap_bastion.module.iap_tunneling",
      "mode": "managed",
      "type": "google_compute_firewall",
      "name": "allow_from_iap_to_instances",
      "provider": "provider[\"registry.terraform.io/hashicorp/google\"]",
      "instances": [
        {
          "index_key": 0,
          "schema_version": 1,
          "attributes": {
            "allow": [
              {
                "ports": [
                  "22"
                ],
                "protocol": "tcp"
              }
            ],
            "creation_timestamp": "2022-08-17T04:36:26.703-07:00",
            "deny": [],
            "description": "",
            "destination_ranges": [],
            "direction": "INGRESS",
            "disabled": false,
            "enable_logging": null,
            "id": "projects/yassir-devops-lab/global/firewalls/allow-ssh-from-iap-to-tunnel",
            "log_config": [],
            "name": "allow-ssh-from-iap-to-tunnel",
            "network": "https://www.googleapis.com/compute/v1/projects/yassir-devops-lab/global/networks/vpc-hicham-iac",
            "priority": 1000,
            "project": "yassir-devops-lab",
            "self_link": "https://www.googleapis.com/compute/v1/projects/yassir-devops-lab/global/firewalls/allow-ssh-from-iap-to-tunnel",
            "source_ranges": [
              "35.235.240.0/20"
            ],
            "source_service_accounts": [],
            "source_tags": [],
            "target_service_accounts": [
              "bastion@yassir-devops-lab.iam.gserviceaccount.com"
            ],
            "target_tags": [],
            "timeouts": null
          },
          "sensitive_attributes": [],
          "private": "eyJlMmJmYjczMC1lY2FhLTExZTYtOGY4OC0zNDM2M2JjN2M0YzAiOnsiY3JlYXRlIjoxMjAwMDAwMDAwMDAwLCJkZWxldGUiOjEyMDAwMDAwMDAwMDAsInVwZGF0ZSI6MTIwMDAwMDAwMDAwMH0sInNjaGVtYV92ZXJzaW9uIjoiMSJ9",
          "dependencies": [
            "google_compute_network.vpc-hicham-iac",
            "module.iap_bastion.google_service_account.bastion_host"
          ]
        }
      ]
    },
    {
      "module": "module.iap_bastion.module.iap_tunneling",
      "mode": "managed",
      "type": "google_iap_tunnel_instance_iam_binding",
      "name": "enable_iap",
      "provider": "provider[\"registry.terraform.io/hashicorp/google\"]",
      "instances": [
        {
          "index_key": "bastion-vm europe-west2-a",
          "schema_version": 0,
          "attributes": {
            "condition": [],
            "etag": null,
            "id": "projects/yassir-devops-lab/iap_tunnel/zones/europe-west2-a/instances/bastion-vm/roles/iap.tunnelResourceAccessor",
            "instance": "projects/yassir-devops-lab/iap_tunnel/zones/europe-west2-a/instances/bastion-vm",
            "members": [],
            "project": "yassir-devops-lab",
            "role": "roles/iap.tunnelResourceAccessor",
            "zone": "europe-west2-a"
          },
          "sensitive_attributes": [],
          "private": "bnVsbA==",
          "dependencies": [
            "google_compute_network.vpc-hicham-iac",
            "google_compute_subnetwork.subnet-hicham-iac",
            "module.iap_bastion.google_compute_instance_from_template.bastion_vm",
            "module.iap_bastion.google_service_account.bastion_host",
            "module.iap_bastion.module.instance_template.google_compute_instance_template.tpl"
          ]
        }
      ]
    },
    {
      "module": "module.iap_bastion.module.instance_template",
      "mode": "managed",
      "type": "google_compute_instance_template",
      "name": "tpl",
      "provider": "provider[\"registry.terraform.io/hashicorp/google\"]",
      "instances": [
        {
          "schema_version": 1,
          "attributes": {
            "advanced_machine_features": [
              {
                "enable_nested_virtualization": false,
                "threads_per_core": 0
              }
            ],
            "can_ip_forward": false,
            "confidential_instance_config": [
              {
                "enable_confidential_compute": false
              }
            ],
            "description": "",
            "disk": [
              {
                "auto_delete": true,
                "boot": true,
                "device_name": "persistent-disk-0",
                "disk_encryption_key": [],
                "disk_name": "",
                "disk_size_gb": 100,
                "disk_type": "pd-standard",
                "interface": "SCSI",
                "labels": {},
                "mode": "READ_WRITE",
                "resource_policies": [],
                "source": "",
                "source_image": "projects/debian-cloud/global/images/family/debian-11",
                "type": "PERSISTENT"
              }
            ],
            "guest_accelerator": [],
            "id": "projects/yassir-devops-lab/global/instanceTemplates/bastion-instance-template-20220817113701571200000001",
            "instance_description": "",
            "labels": null,
            "machine_type": "n1-standard-1",
            "metadata": {
              "enable-oslogin": "TRUE"
            },
            "metadata_fingerprint": "8DivAa1gVsE=",
            "metadata_startup_script": "",
            "min_cpu_platform": "",
            "name": "bastion-instance-template-20220817113701571200000001",
            "name_prefix": "bastion-instance-template-",
            "network_interface": [
              {
                "access_config": [],
                "alias_ip_range": [],
                "ipv6_access_config": [],
                "ipv6_access_type": "",
                "name": "nic0",
                "network": "https://www.googleapis.com/compute/v1/projects/yassir-devops-lab/global/networks/vpc-hicham-iac",
                "network_ip": "",
                "nic_type": "",
                "queue_count": 0,
                "stack_type": "",
                "subnetwork": "https://www.googleapis.com/compute/v1/projects/yassir-devops-lab/regions/europe-west2/subnetworks/subnet-hicham-iac",
                "subnetwork_project": "yassir-devops-lab"
              }
            ],
            "project": "yassir-devops-lab",
            "region": "europe-west2",
            "reservation_affinity": [],
            "scheduling": [
              {
                "automatic_restart": true,
                "instance_termination_action": "",
                "min_node_cpus": 0,
                "node_affinities": [],
                "on_host_maintenance": "MIGRATE",
                "preemptible": false,
                "provisioning_model": "STANDARD"
              }
            ],
            "self_link": "https://www.googleapis.com/compute/v1/projects/yassir-devops-lab/global/instanceTemplates/bastion-instance-template-20220817113701571200000001",
            "service_account": [
              {
                "email": "bastion@yassir-devops-lab.iam.gserviceaccount.com",
                "scopes": [
                  "https://www.googleapis.com/auth/cloud-platform"
                ]
              }
            ],
            "shielded_instance_config": [
              {
                "enable_integrity_monitoring": true,
                "enable_secure_boot": true,
                "enable_vtpm": true
              }
            ],
            "tags": [],
            "tags_fingerprint": "",
            "timeouts": null
          },
          "sensitive_attributes": [],
          "private": "eyJlMmJmYjczMC1lY2FhLTExZTYtOGY4OC0zNDM2M2JjN2M0YzAiOnsiY3JlYXRlIjoyNDAwMDAwMDAwMDAsImRlbGV0ZSI6MjQwMDAwMDAwMDAwfSwic2NoZW1hX3ZlcnNpb24iOiIxIn0=",
          "dependencies": [
            "google_compute_network.vpc-hicham-iac",
            "google_compute_subnetwork.subnet-hicham-iac",
            "module.iap_bastion.google_service_account.bastion_host"
          ],
          "create_before_destroy": true
        }
      ]
    }
  ]
}
